# Generated by pub
# See https://dart.dev/tools/pub/glossary#lockfile
packages:
  QtDartBindings:
    dependency: "direct main"
    description:
      path: "../generated/QtDartBindings/dart"
      relative: true
    source: path
    version: "0.0.0"
  clock:
    dependency: transitive
    description:
      name: clock
      sha256: cb6d7f03e1de671e34607e909a7213e31d7752be4fb66a86d29fe1eb14bfb5cf
      url: "https://pub.dev"
    source: hosted
    version: "1.1.1"
  ffi:
    dependency: transitive
    description:
      name: ffi
      sha256: ed5337a5660c506388a9f012be0288fb38b49020ce2b45fe1f8b8323fe429f99
      url: "https://pub.dev"
    source: hosted
    version: "2.0.2"
  intl:
    dependency: transitive
    description:
      name: intl
      sha256: "3bc132a9dbce73a7e4a21a17d06e1878839ffbf975568bc875c60537824b0c4d"
      url: "https://pub.dev"
    source: hosted
    version: "0.18.1"
  meta:
    dependency: transitive
    description:
      name: meta
      sha256: "25dfcaf170a0190f47ca6355bdd4552cb8924b430512ff0cafb8db9bd41fe33b"
      url: "https://pub.dev"
    source: hosted
    version: "1.14.0"
  path:
    dependency: transitive
    description:
      name: path
      sha256: "8829d8a55c13fc0e37127c29fedf290c102f4e40ae94ada574091fe0ff96c917"
      url: "https://pub.dev"
    source: hosted
    version: "1.8.3"
  pedantic:
    dependency: "direct dev"
    description:
      name: pedantic
      sha256: "67fc27ed9639506c856c840ccce7594d0bdcd91bc8d53d6e52359449a1d50602"
      url: "https://pub.dev"
    source: hosted
    version: "1.11.1"
sdks:
  dart: ">=2.17.0 <4.0.0"
